
Microsoft Visual Studio Solution File, Format Version 12.00
# Visual Studio 15
VisualStudioVersion = 15.0.26124.0
MinimumVisualStudioVersion = 15.0.26124.0
Project("{FAE04EC0-301F-11D3-BF4B-00C04F79EFBC}") = "Test_one", "Test_one\Test_one.csproj", "{F9FB0692-4AE5-4419-9E33-27042E123529}"
EndProject
Project("{FAE04EC0-301F-11D3-BF4B-00C04F79EFBC}") = "Test_one.lib", "Test_one.lib\Test_one.lib.csproj", "{CA4A954F-7A01-4192-A8A7-5B47A44EA3E8}"
EndProject
Project("{FAE04EC0-301F-11D3-BF4B-00C04F79EFBC}") = "Test_one.Interface", "Test_one.Interface\Test_one.Interface.csproj", "{A53D5746-291F-414C-B6C7-7952657338DE}"
EndProject
Global
	GlobalSection(SolutionConfigurationPlatforms) = preSolution
		Debug|Any CPU = Debug|Any CPU
		Debug|x64 = Debug|x64
		Debug|x86 = Debug|x86
		Release|Any CPU = Release|Any CPU
		Release|x64 = Release|x64
		Release|x86 = Release|x86
	EndGlobalSection
	GlobalSection(SolutionProperties) = preSolution
		HideSolutionNode = FALSE
	EndGlobalSection
	GlobalSection(ProjectConfigurationPlatforms) = postSolution
		{F9FB0692-4AE5-4419-9E33-27042E123529}.Debug|Any CPU.ActiveCfg = Debug|Any CPU
		{F9FB0692-4AE5-4419-9E33-27042E123529}.Debug|Any CPU.Build.0 = Debug|Any CPU
		{F9FB0692-4AE5-4419-9E33-27042E123529}.Debug|x64.ActiveCfg = Debug|Any CPU
		{F9FB0692-4AE5-4419-9E33-27042E123529}.Debug|x64.Build.0 = Debug|Any CPU
		{F9FB0692-4AE5-4419-9E33-27042E123529}.Debug|x86.ActiveCfg = Debug|Any CPU
		{F9FB0692-4AE5-4419-9E33-27042E123529}.Debug|x86.Build.0 = Debug|Any CPU
		{F9FB0692-4AE5-4419-9E33-27042E123529}.Release|Any CPU.ActiveCfg = Release|Any CPU
		{F9FB0692-4AE5-4419-9E33-27042E123529}.Release|Any CPU.Build.0 = Release|Any CPU
		{F9FB0692-4AE5-4419-9E33-27042E123529}.Release|x64.ActiveCfg = Release|Any CPU
		{F9FB0692-4AE5-4419-9E33-27042E123529}.Release|x64.Build.0 = Release|Any CPU
		{F9FB0692-4AE5-4419-9E33-27042E123529}.Release|x86.ActiveCfg = Release|Any CPU
		{F9FB0692-4AE5-4419-9E33-27042E123529}.Release|x86.Build.0 = Release|Any CPU
		{CA4A954F-7A01-4192-A8A7-5B47A44EA3E8}.Debug|Any CPU.ActiveCfg = Debug|Any CPU
		{CA4A954F-7A01-4192-A8A7-5B47A44EA3E8}.Debug|Any CPU.Build.0 = Debug|Any CPU
		{CA4A954F-7A01-4192-A8A7-5B47A44EA3E8}.Debug|x64.ActiveCfg = Debug|Any CPU
		{CA4A954F-7A01-4192-A8A7-5B47A44EA3E8}.Debug|x64.Build.0 = Debug|Any CPU
		{CA4A954F-7A01-4192-A8A7-5B47A44EA3E8}.Debug|x86.ActiveCfg = Debug|Any CPU
		{CA4A954F-7A01-4192-A8A7-5B47A44EA3E8}.Debug|x86.Build.0 = Debug|Any CPU
		{CA4A954F-7A01-4192-A8A7-5B47A44EA3E8}.Release|Any CPU.ActiveCfg = Release|Any CPU
		{CA4A954F-7A01-4192-A8A7-5B47A44EA3E8}.Release|Any CPU.Build.0 = Release|Any CPU
		{CA4A954F-7A01-4192-A8A7-5B47A44EA3E8}.Release|x64.ActiveCfg = Release|Any CPU
		{CA4A954F-7A01-4192-A8A7-5B47A44EA3E8}.Release|x64.Build.0 = Release|Any CPU
		{CA4A954F-7A01-4192-A8A7-5B47A44EA3E8}.Release|x86.ActiveCfg = Release|Any CPU
		{CA4A954F-7A01-4192-A8A7-5B47A44EA3E8}.Release|x86.Build.0 = Release|Any CPU
		{A53D5746-291F-414C-B6C7-7952657338DE}.Debug|Any CPU.ActiveCfg = Debug|Any CPU
		{A53D5746-291F-414C-B6C7-7952657338DE}.Debug|Any CPU.Build.0 = Debug|Any CPU
		{A53D5746-291F-414C-B6C7-7952657338DE}.Debug|x64.ActiveCfg = Debug|Any CPU
		{A53D5746-291F-414C-B6C7-7952657338DE}.Debug|x64.Build.0 = Debug|Any CPU
		{A53D5746-291F-414C-B6C7-7952657338DE}.Debug|x86.ActiveCfg = Debug|Any CPU
		{A53D5746-291F-414C-B6C7-7952657338DE}.Debug|x86.Build.0 = Debug|Any CPU
		{A53D5746-291F-414C-B6C7-7952657338DE}.Release|Any CPU.ActiveCfg = Release|Any CPU
		{A53D5746-291F-414C-B6C7-7952657338DE}.Release|Any CPU.Build.0 = Release|Any CPU
		{A53D5746-291F-414C-B6C7-7952657338DE}.Release|x64.ActiveCfg = Release|Any CPU
		{A53D5746-291F-414C-B6C7-7952657338DE}.Release|x64.Build.0 = Release|Any CPU
		{A53D5746-291F-414C-B6C7-7952657338DE}.Release|x86.ActiveCfg = Release|Any CPU
		{A53D5746-291F-414C-B6C7-7952657338DE}.Release|x86.Build.0 = Release|Any CPU
	EndGlobalSection
EndGlobal
